// !$*UTF8*$!
{
	archiveVersion = 1;
	classes = {
	};
	objectVersion = 55;
	objects = {

/* Begin PBXBuildFile section */
		5630B182286753A8004D29F4 /* PushNotificationsManager.swift in Sources */ = {isa = PBXBuildFile; fileRef = 5630B181286753A8004D29F4 /* PushNotificationsManager.swift */; };
		5630B183286753A8004D29F4 /* PushNotificationsManager.swift in Sources */ = {isa = PBXBuildFile; fileRef = 5630B181286753A8004D29F4 /* PushNotificationsManager.swift */; };
		5630B19E286757E5004D29F4 /* FirebaseFunctions in Frameworks */ = {isa = PBXBuildFile; productRef = 5630B19D286757E5004D29F4 /* FirebaseFunctions */; };
		5630B1A2286757E5004D29F4 /* FirebaseMessaging in Frameworks */ = {isa = PBXBuildFile; productRef = 5630B1A1286757E5004D29F4 /* FirebaseMessaging */; };
		5630B1AC2867689C004D29F4 /* GoogleService-Info.plist in Resources */ = {isa = PBXBuildFile; fileRef = 5630B1AB2867689C004D29F4 /* GoogleService-Info.plist */; };
		5630B1AD2867689C004D29F4 /* GoogleService-Info.plist in Resources */ = {isa = PBXBuildFile; fileRef = 5630B1AB2867689C004D29F4 /* GoogleService-Info.plist */; };
		5630B1B428677DCD004D29F4 /* ToggleView.swift in Sources */ = {isa = PBXBuildFile; fileRef = 5630B1B328677DCD004D29F4 /* ToggleView.swift */; };
		5630B1B528677DCD004D29F4 /* ToggleView.swift in Sources */ = {isa = PBXBuildFile; fileRef = 5630B1B328677DCD004D29F4 /* ToggleView.swift */; };
		5677F3DC2867D88E00A0466D /* WalletConnectSwift in Frameworks */ = {isa = PBXBuildFile; productRef = 5677F3DB2867D88E00A0466D /* WalletConnectSwift */; };
		5677F3DE2867DA4800A0466D /* LoginView.swift in Sources */ = {isa = PBXBuildFile; fileRef = 5677F3DD2867DA4800A0466D /* LoginView.swift */; };
		5677F3DF2867DA4800A0466D /* LoginView.swift in Sources */ = {isa = PBXBuildFile; fileRef = 5677F3DD2867DA4800A0466D /* LoginView.swift */; };
		5677F3E12867DAB900A0466D /* WalletConnect.swift in Sources */ = {isa = PBXBuildFile; fileRef = 5677F3E02867DAB900A0466D /* WalletConnect.swift */; };
		5677F3E22867DAB900A0466D /* WalletConnect.swift in Sources */ = {isa = PBXBuildFile; fileRef = 5677F3E02867DAB900A0466D /* WalletConnect.swift */; };
		5677F3E42867F17000A0466D /* ProjectsView.swift in Sources */ = {isa = PBXBuildFile; fileRef = 5677F3E32867F17000A0466D /* ProjectsView.swift */; };
		5677F3E52867F17000A0466D /* ProjectsView.swift in Sources */ = {isa = PBXBuildFile; fileRef = 5677F3E32867F17000A0466D /* ProjectsView.swift */; };
		5677F3E72867F1AA00A0466D /* SwiftUtils.swift in Sources */ = {isa = PBXBuildFile; fileRef = 5677F3E62867F1AA00A0466D /* SwiftUtils.swift */; };
		5677F3E82867F1AA00A0466D /* SwiftUtils.swift in Sources */ = {isa = PBXBuildFile; fileRef = 5677F3E62867F1AA00A0466D /* SwiftUtils.swift */; };
		5677F3ED2868097000A0466D /* Colors.swift in Sources */ = {isa = PBXBuildFile; fileRef = 5677F3EC2868097000A0466D /* Colors.swift */; };
		5677F3EE2868097000A0466D /* Colors.swift in Sources */ = {isa = PBXBuildFile; fileRef = 5677F3EC2868097000A0466D /* Colors.swift */; };
		5677F3F0286824E100A0466D /* NotificationDetailsView.swift in Sources */ = {isa = PBXBuildFile; fileRef = 5677F3EF286824E100A0466D /* NotificationDetailsView.swift */; };
		5677F3F1286824E100A0466D /* NotificationDetailsView.swift in Sources */ = {isa = PBXBuildFile; fileRef = 5677F3EF286824E100A0466D /* NotificationDetailsView.swift */; };
		5679CDFC286664DD003F4D44 /* PearlApp.swift in Sources */ = {isa = PBXBuildFile; fileRef = 5679CDEC286664D9003F4D44 /* PearlApp.swift */; };
		5679CDFD286664DD003F4D44 /* PearlApp.swift in Sources */ = {isa = PBXBuildFile; fileRef = 5679CDEC286664D9003F4D44 /* PearlApp.swift */; };
		5679CDFE286664DD003F4D44 /* ContentView.swift in Sources */ = {isa = PBXBuildFile; fileRef = 5679CDED286664D9003F4D44 /* ContentView.swift */; };
		5679CDFF286664DD003F4D44 /* ContentView.swift in Sources */ = {isa = PBXBuildFile; fileRef = 5679CDED286664D9003F4D44 /* ContentView.swift */; };
		5679CE00286664DD003F4D44 /* Assets.xcassets in Resources */ = {isa = PBXBuildFile; fileRef = 5679CDEE286664DD003F4D44 /* Assets.xcassets */; };
		5679CE01286664DD003F4D44 /* Assets.xcassets in Resources */ = {isa = PBXBuildFile; fileRef = 5679CDEE286664DD003F4D44 /* Assets.xcassets */; };
		5679CE0C286683C0003F4D44 /* NotificationData.swift in Sources */ = {isa = PBXBuildFile; fileRef = 5679CE0B286683C0003F4D44 /* NotificationData.swift */; };
		5679CE0D286683C0003F4D44 /* NotificationData.swift in Sources */ = {isa = PBXBuildFile; fileRef = 5679CE0B286683C0003F4D44 /* NotificationData.swift */; };
		5679CE1028668FED003F4D44 /* SDWebImageSwiftUI in Frameworks */ = {isa = PBXBuildFile; productRef = 5679CE0F28668FED003F4D44 /* SDWebImageSwiftUI */; };
/* End PBXBuildFile section */

/* Begin PBXFileReference section */
		5630B181286753A8004D29F4 /* PushNotificationsManager.swift */ = {isa = PBXFileReference; lastKnownFileType = sourcecode.swift; path = PushNotificationsManager.swift; sourceTree = "<group>"; };
		5630B1AB2867689C004D29F4 /* GoogleService-Info.plist */ = {isa = PBXFileReference; fileEncoding = 4; lastKnownFileType = text.plist.xml; path = "GoogleService-Info.plist"; sourceTree = "<group>"; };
		5630B1AE28676A18004D29F4 /* Pearl (iOS).entitlements */ = {isa = PBXFileReference; lastKnownFileType = text.plist.entitlements; path = "Pearl (iOS).entitlements"; sourceTree = "<group>"; };
		5630B1AF28676F13004D29F4 /* Pearl--iOS--Info.plist */ = {isa = PBXFileReference; lastKnownFileType = text.plist; path = "Pearl--iOS--Info.plist"; sourceTree = "<group>"; };
		5630B1B328677DCD004D29F4 /* ToggleView.swift */ = {isa = PBXFileReference; lastKnownFileType = sourcecode.swift; path = ToggleView.swift; sourceTree = "<group>"; };
		5677F3DD2867DA4800A0466D /* LoginView.swift */ = {isa = PBXFileReference; lastKnownFileType = sourcecode.swift; path = LoginView.swift; sourceTree = "<group>"; };
		5677F3E02867DAB900A0466D /* WalletConnect.swift */ = {isa = PBXFileReference; lastKnownFileType = sourcecode.swift; path = WalletConnect.swift; sourceTree = "<group>"; };
		5677F3E32867F17000A0466D /* ProjectsView.swift */ = {isa = PBXFileReference; lastKnownFileType = sourcecode.swift; path = ProjectsView.swift; sourceTree = "<group>"; };
		5677F3E62867F1AA00A0466D /* SwiftUtils.swift */ = {isa = PBXFileReference; lastKnownFileType = sourcecode.swift; path = SwiftUtils.swift; sourceTree = "<group>"; };
		5677F3EC2868097000A0466D /* Colors.swift */ = {isa = PBXFileReference; lastKnownFileType = sourcecode.swift; path = Colors.swift; sourceTree = "<group>"; };
		5677F3EF286824E100A0466D /* NotificationDetailsView.swift */ = {isa = PBXFileReference; lastKnownFileType = sourcecode.swift; path = NotificationDetailsView.swift; sourceTree = "<group>"; };
		5679CDEC286664D9003F4D44 /* PearlApp.swift */ = {isa = PBXFileReference; lastKnownFileType = sourcecode.swift; path = PearlApp.swift; sourceTree = "<group>"; };
		5679CDED286664D9003F4D44 /* ContentView.swift */ = {isa = PBXFileReference; lastKnownFileType = sourcecode.swift; path = ContentView.swift; sourceTree = "<group>"; };
		5679CDEE286664DD003F4D44 /* Assets.xcassets */ = {isa = PBXFileReference; lastKnownFileType = folder.assetcatalog; path = Assets.xcassets; sourceTree = "<group>"; };
		5679CDF3286664DD003F4D44 /* Pearl.app */ = {isa = PBXFileReference; explicitFileType = wrapper.application; includeInIndex = 0; path = Pearl.app; sourceTree = BUILT_PRODUCTS_DIR; };
		5679CDF9286664DD003F4D44 /* Pearl.app */ = {isa = PBXFileReference; explicitFileType = wrapper.application; includeInIndex = 0; path = Pearl.app; sourceTree = BUILT_PRODUCTS_DIR; };
		5679CDFB286664DD003F4D44 /* macOS.entitlements */ = {isa = PBXFileReference; lastKnownFileType = text.plist.entitlements; path = macOS.entitlements; sourceTree = "<group>"; };
		5679CE0B286683C0003F4D44 /* NotificationData.swift */ = {isa = PBXFileReference; lastKnownFileType = sourcecode.swift; path = NotificationData.swift; sourceTree = "<group>"; };
/* End PBXFileReference section */

/* Begin PBXFrameworksBuildPhase section */
		5679CDF0286664DD003F4D44 /* Frameworks */ = {
			isa = PBXFrameworksBuildPhase;
			buildActionMask = 2147483647;
			files = (
				5630B1A2286757E5004D29F4 /* FirebaseMessaging in Frameworks */,
				5630B19E286757E5004D29F4 /* FirebaseFunctions in Frameworks */,
				5677F3DC2867D88E00A0466D /* WalletConnectSwift in Frameworks */,
				5679CE1028668FED003F4D44 /* SDWebImageSwiftUI in Frameworks */,
			);
			runOnlyForDeploymentPostprocessing = 0;
		};
		5679CDF6286664DD003F4D44 /* Frameworks */ = {
			isa = PBXFrameworksBuildPhase;
			buildActionMask = 2147483647;
			files = (
			);
			runOnlyForDeploymentPostprocessing = 0;
		};
/* End PBXFrameworksBuildPhase section */

/* Begin PBXGroup section */
		5679CDE6286664D9003F4D44 = {
			isa = PBXGroup;
			children = (
				5630B1AF28676F13004D29F4 /* Pearl--iOS--Info.plist */,
				5630B1AE28676A18004D29F4 /* Pearl (iOS).entitlements */,
				5679CDEB286664D9003F4D44 /* Shared */,
				5679CDFA286664DD003F4D44 /* macOS */,
				5679CDF4286664DD003F4D44 /* Products */,
			);
			sourceTree = "<group>";
		};
		5679CDEB286664D9003F4D44 /* Shared */ = {
			isa = PBXGroup;
			children = (
				5630B1AB2867689C004D29F4 /* GoogleService-Info.plist */,
				5679CDEC286664D9003F4D44 /* PearlApp.swift */,
				5679CDED286664D9003F4D44 /* ContentView.swift */,
				5630B181286753A8004D29F4 /* PushNotificationsManager.swift */,
				5679CDEE286664DD003F4D44 /* Assets.xcassets */,
				5679CE0B286683C0003F4D44 /* NotificationData.swift */,
				5630B1B328677DCD004D29F4 /* ToggleView.swift */,
				5677F3DD2867DA4800A0466D /* LoginView.swift */,
				5677F3E02867DAB900A0466D /* WalletConnect.swift */,
				5677F3E32867F17000A0466D /* ProjectsView.swift */,
				5677F3E62867F1AA00A0466D /* SwiftUtils.swift */,
				5677F3EC2868097000A0466D /* Colors.swift */,
				5677F3EF286824E100A0466D /* NotificationDetailsView.swift */,
			);
			path = Shared;
			sourceTree = "<group>";
		};
		5679CDF4286664DD003F4D44 /* Products */ = {
			isa = PBXGroup;
			children = (
				5679CDF3286664DD003F4D44 /* Pearl.app */,
				5679CDF9286664DD003F4D44 /* Pearl.app */,
			);
			name = Products;
			sourceTree = "<group>";
		};
		5679CDFA286664DD003F4D44 /* macOS */ = {
			isa = PBXGroup;
			children = (
				5679CDFB286664DD003F4D44 /* macOS.entitlements */,
			);
			path = macOS;
			sourceTree = "<group>";
		};
/* End PBXGroup section */

/* Begin PBXNativeTarget section */
		5679CDF2286664DD003F4D44 /* Pearl (iOS) */ = {
			isa = PBXNativeTarget;
			buildConfigurationList = 5679CE04286664DD003F4D44 /* Build configuration list for PBXNativeTarget "Pearl (iOS)" */;
			buildPhases = (
				5679CDEF286664DD003F4D44 /* Sources */,
				5679CDF0286664DD003F4D44 /* Frameworks */,
				5679CDF1286664DD003F4D44 /* Resources */,
			);
			buildRules = (
			);
			dependencies = (
			);
			name = "Pearl (iOS)";
			packageProductDependencies = (
				5679CE0F28668FED003F4D44 /* SDWebImageSwiftUI */,
				5630B19D286757E5004D29F4 /* FirebaseFunctions */,
				5630B1A1286757E5004D29F4 /* FirebaseMessaging */,
				5677F3DB2867D88E00A0466D /* WalletConnectSwift */,
			);
			productName = "Pearl (iOS)";
			productReference = 5679CDF3286664DD003F4D44 /* Pearl.app */;
			productType = "com.apple.product-type.application";
		};
		5679CDF8286664DD003F4D44 /* Pearl (macOS) */ = {
			isa = PBXNativeTarget;
			buildConfigurationList = 5679CE07286664DD003F4D44 /* Build configuration list for PBXNativeTarget "Pearl (macOS)" */;
			buildPhases = (
				5679CDF5286664DD003F4D44 /* Sources */,
				5679CDF6286664DD003F4D44 /* Frameworks */,
				5679CDF7286664DD003F4D44 /* Resources */,
			);
			buildRules = (
			);
			dependencies = (
			);
			name = "Pearl (macOS)";
			productName = "Pearl (macOS)";
			productReference = 5679CDF9286664DD003F4D44 /* Pearl.app */;
			productType = "com.apple.product-type.application";
		};
/* End PBXNativeTarget section */

/* Begin PBXProject section */
		5679CDE7286664D9003F4D44 /* Project object */ = {
			isa = PBXProject;
			attributes = {
				BuildIndependentTargetsInParallel = 1;
				LastSwiftUpdateCheck = 1340;
				LastUpgradeCheck = 1340;
				TargetAttributes = {
					5679CDF2286664DD003F4D44 = {
						CreatedOnToolsVersion = 13.4.1;
					};
					5679CDF8286664DD003F4D44 = {
						CreatedOnToolsVersion = 13.4.1;
					};
				};
			};
			buildConfigurationList = 5679CDEA286664D9003F4D44 /* Build configuration list for PBXProject "Pearl" */;
			compatibilityVersion = "Xcode 13.0";
			developmentRegion = en;
			hasScannedForEncodings = 0;
			knownRegions = (
				en,
				Base,
			);
			mainGroup = 5679CDE6286664D9003F4D44;
			packageReferences = (
				5679CE0E28668FED003F4D44 /* XCRemoteSwiftPackageReference "SDWebImageSwiftUI" */,
				5630B184286757E5004D29F4 /* XCRemoteSwiftPackageReference "firebase-ios-sdk" */,
				5677F3DA2867D88E00A0466D /* XCRemoteSwiftPackageReference "WalletConnectSwift" */,
			);
			productRefGroup = 5679CDF4286664DD003F4D44 /* Products */;
			projectDirPath = "";
			projectRoot = "";
			targets = (
				5679CDF2286664DD003F4D44 /* Pearl (iOS) */,
				5679CDF8286664DD003F4D44 /* Pearl (macOS) */,
			);
		};
/* End PBXProject section */

/* Begin PBXResourcesBuildPhase section */
		5679CDF1286664DD003F4D44 /* Resources */ = {
			isa = PBXResourcesBuildPhase;
			buildActionMask = 2147483647;
			files = (
				5679CE00286664DD003F4D44 /* Assets.xcassets in Resources */,
				5630B1AC2867689C004D29F4 /* GoogleService-Info.plist in Resources */,
			);
			runOnlyForDeploymentPostprocessing = 0;
		};
		5679CDF7286664DD003F4D44 /* Resources */ = {
			isa = PBXResourcesBuildPhase;
			buildActionMask = 2147483647;
			files = (
				5679CE01286664DD003F4D44 /* Assets.xcassets in Resources */,
				5630B1AD2867689C004D29F4 /* GoogleService-Info.plist in Resources */,
			);
			runOnlyForDeploymentPostprocessing = 0;
		};
/* End PBXResourcesBuildPhase section */

/* Begin PBXSourcesBuildPhase section */
		5679CDEF286664DD003F4D44 /* Sources */ = {
			isa = PBXSourcesBuildPhase;
			buildActionMask = 2147483647;
			files = (
				5679CDFE286664DD003F4D44 /* ContentView.swift in Sources */,
				5677F3ED2868097000A0466D /* Colors.swift in Sources */,
				5679CE0C286683C0003F4D44 /* NotificationData.swift in Sources */,
				5677F3F0286824E100A0466D /* NotificationDetailsView.swift in Sources */,
				5677F3E42867F17000A0466D /* ProjectsView.swift in Sources */,
				5630B182286753A8004D29F4 /* PushNotificationsManager.swift in Sources */,
				5677F3E12867DAB900A0466D /* WalletConnect.swift in Sources */,
				5677F3E72867F1AA00A0466D /* SwiftUtils.swift in Sources */,
				5630B1B428677DCD004D29F4 /* ToggleView.swift in Sources */,
				5679CDFC286664DD003F4D44 /* PearlApp.swift in Sources */,
				5677F3DE2867DA4800A0466D /* LoginView.swift in Sources */,
			);
			runOnlyForDeploymentPostprocessing = 0;
		};
		5679CDF5286664DD003F4D44 /* Sources */ = {
			isa = PBXSourcesBuildPhase;
			buildActionMask = 2147483647;
			files = (
				5679CDFF286664DD003F4D44 /* ContentView.swift in Sources */,
				5677F3EE2868097000A0466D /* Colors.swift in Sources */,
				5679CE0D286683C0003F4D44 /* NotificationData.swift in Sources */,
				5677F3F1286824E100A0466D /* NotificationDetailsView.swift in Sources */,
				5677F3E52867F17000A0466D /* ProjectsView.swift in Sources */,
				5630B183286753A8004D29F4 /* PushNotificationsManager.swift in Sources */,
				5677F3E22867DAB900A0466D /* WalletConnect.swift in Sources */,
				5677F3E82867F1AA00A0466D /* SwiftUtils.swift in Sources */,
				5630B1B528677DCD004D29F4 /* ToggleView.swift in Sources */,
				5679CDFD286664DD003F4D44 /* PearlApp.swift in Sources */,
				5677F3DF2867DA4800A0466D /* LoginView.swift in Sources */,
			);
			runOnlyForDeploymentPostprocessing = 0;
		};
/* End PBXSourcesBuildPhase section */

/* Begin XCBuildConfiguration section */
		5679CE02286664DD003F4D44 /* Debug */ = {
			isa = XCBuildConfiguration;
			buildSettings = {
				ALWAYS_SEARCH_USER_PATHS = NO;
				CLANG_ANALYZER_NONNULL = YES;
				CLANG_ANALYZER_NUMBER_OBJECT_CONVERSION = YES_AGGRESSIVE;
				CLANG_CXX_LANGUAGE_STANDARD = "gnu++17";
				CLANG_ENABLE_MODULES = YES;
				CLANG_ENABLE_OBJC_ARC = YES;
				CLANG_ENABLE_OBJC_WEAK = YES;
				CLANG_WARN_BLOCK_CAPTURE_AUTORELEASING = YES;
				CLANG_WARN_BOOL_CONVERSION = YES;
				CLANG_WARN_COMMA = YES;
				CLANG_WARN_CONSTANT_CONVERSION = YES;
				CLANG_WARN_DEPRECATED_OBJC_IMPLEMENTATIONS = YES;
				CLANG_WARN_DIRECT_OBJC_ISA_USAGE = YES_ERROR;
				CLANG_WARN_DOCUMENTATION_COMMENTS = YES;
				CLANG_WARN_EMPTY_BODY = YES;
				CLANG_WARN_ENUM_CONVERSION = YES;
				CLANG_WARN_INFINITE_RECURSION = YES;
				CLANG_WARN_INT_CONVERSION = YES;
				CLANG_WARN_NON_LITERAL_NULL_CONVERSION = YES;
				CLANG_WARN_OBJC_IMPLICIT_RETAIN_SELF = YES;
				CLANG_WARN_OBJC_LITERAL_CONVERSION = YES;
				CLANG_WARN_OBJC_ROOT_CLASS = YES_ERROR;
				CLANG_WARN_QUOTED_INCLUDE_IN_FRAMEWORK_HEADER = YES;
				CLANG_WARN_RANGE_LOOP_ANALYSIS = YES;
				CLANG_WARN_STRICT_PROTOTYPES = YES;
				CLANG_WARN_SUSPICIOUS_MOVE = YES;
				CLANG_WARN_UNGUARDED_AVAILABILITY = YES_AGGRESSIVE;
				CLANG_WARN_UNREACHABLE_CODE = YES;
				CLANG_WARN__DUPLICATE_METHOD_MATCH = YES;
				COPY_PHASE_STRIP = NO;
				DEBUG_INFORMATION_FORMAT = dwarf;
				ENABLE_STRICT_OBJC_MSGSEND = YES;
				ENABLE_TESTABILITY = YES;
				GCC_C_LANGUAGE_STANDARD = gnu11;
				GCC_DYNAMIC_NO_PIC = NO;
				GCC_NO_COMMON_BLOCKS = YES;
				GCC_OPTIMIZATION_LEVEL = 0;
				GCC_PREPROCESSOR_DEFINITIONS = (
					"DEBUG=1",
					"$(inherited)",
				);
				GCC_WARN_64_TO_32_BIT_CONVERSION = YES;
				GCC_WARN_ABOUT_RETURN_TYPE = YES_ERROR;
				GCC_WARN_UNDECLARED_SELECTOR = YES;
				GCC_WARN_UNINITIALIZED_AUTOS = YES_AGGRESSIVE;
				GCC_WARN_UNUSED_FUNCTION = YES;
				GCC_WARN_UNUSED_VARIABLE = YES;
				MTL_ENABLE_DEBUG_INFO = INCLUDE_SOURCE;
				MTL_FAST_MATH = YES;
				ONLY_ACTIVE_ARCH = YES;
				SWIFT_ACTIVE_COMPILATION_CONDITIONS = DEBUG;
				SWIFT_OPTIMIZATION_LEVEL = "-Onone";
			};
			name = Debug;
		};
		5679CE03286664DD003F4D44 /* Release */ = {
			isa = XCBuildConfiguration;
			buildSettings = {
				ALWAYS_SEARCH_USER_PATHS = NO;
				CLANG_ANALYZER_NONNULL = YES;
				CLANG_ANALYZER_NUMBER_OBJECT_CONVERSION = YES_AGGRESSIVE;
				CLANG_CXX_LANGUAGE_STANDARD = "gnu++17";
				CLANG_ENABLE_MODULES = YES;
				CLANG_ENABLE_OBJC_ARC = YES;
				CLANG_ENABLE_OBJC_WEAK = YES;
				CLANG_WARN_BLOCK_CAPTURE_AUTORELEASING = YES;
				CLANG_WARN_BOOL_CONVERSION = YES;
				CLANG_WARN_COMMA = YES;
				CLANG_WARN_CONSTANT_CONVERSION = YES;
				CLANG_WARN_DEPRECATED_OBJC_IMPLEMENTATIONS = YES;
				CLANG_WARN_DIRECT_OBJC_ISA_USAGE = YES_ERROR;
				CLANG_WARN_DOCUMENTATION_COMMENTS = YES;
				CLANG_WARN_EMPTY_BODY = YES;
				CLANG_WARN_ENUM_CONVERSION = YES;
				CLANG_WARN_INFINITE_RECURSION = YES;
				CLANG_WARN_INT_CONVERSION = YES;
				CLANG_WARN_NON_LITERAL_NULL_CONVERSION = YES;
				CLANG_WARN_OBJC_IMPLICIT_RETAIN_SELF = YES;
				CLANG_WARN_OBJC_LITERAL_CONVERSION = YES;
				CLANG_WARN_OBJC_ROOT_CLASS = YES_ERROR;
				CLANG_WARN_QUOTED_INCLUDE_IN_FRAMEWORK_HEADER = YES;
				CLANG_WARN_RANGE_LOOP_ANALYSIS = YES;
				CLANG_WARN_STRICT_PROTOTYPES = YES;
				CLANG_WARN_SUSPICIOUS_MOVE = YES;
				CLANG_WARN_UNGUARDED_AVAILABILITY = YES_AGGRESSIVE;
				CLANG_WARN_UNREACHABLE_CODE = YES;
				CLANG_WARN__DUPLICATE_METHOD_MATCH = YES;
				COPY_PHASE_STRIP = NO;
				DEBUG_INFORMATION_FORMAT = "dwarf-with-dsym";
				ENABLE_NS_ASSERTIONS = NO;
				ENABLE_STRICT_OBJC_MSGSEND = YES;
				GCC_C_LANGUAGE_STANDARD = gnu11;
				GCC_NO_COMMON_BLOCKS = YES;
				GCC_WARN_64_TO_32_BIT_CONVERSION = YES;
				GCC_WARN_ABOUT_RETURN_TYPE = YES_ERROR;
				GCC_WARN_UNDECLARED_SELECTOR = YES;
				GCC_WARN_UNINITIALIZED_AUTOS = YES_AGGRESSIVE;
				GCC_WARN_UNUSED_FUNCTION = YES;
				GCC_WARN_UNUSED_VARIABLE = YES;
				MTL_ENABLE_DEBUG_INFO = NO;
				MTL_FAST_MATH = YES;
				SWIFT_COMPILATION_MODE = wholemodule;
				SWIFT_OPTIMIZATION_LEVEL = "-O";
			};
			name = Release;
		};
		5679CE05286664DD003F4D44 /* Debug */ = {
			isa = XCBuildConfiguration;
			buildSettings = {
				ASSETCATALOG_COMPILER_APPICON_NAME = AppIcon;
				ASSETCATALOG_COMPILER_GLOBAL_ACCENT_COLOR_NAME = AccentColor;
				CODE_SIGN_ENTITLEMENTS = "Pearl (iOS).entitlements";
				CODE_SIGN_STYLE = Automatic;
				CURRENT_PROJECT_VERSION = 1;
				DEVELOPMENT_TEAM = 35499LKXAS;
				ENABLE_PREVIEWS = YES;
				GENERATE_INFOPLIST_FILE = YES;
				INFOPLIST_FILE = "Pearl--iOS--Info.plist";
				INFOPLIST_KEY_UIApplicationSceneManifest_Generation = YES;
				INFOPLIST_KEY_UIApplicationSupportsIndirectInputEvents = YES;
				INFOPLIST_KEY_UILaunchScreen_Generation = YES;
				INFOPLIST_KEY_UISupportedInterfaceOrientations_iPad = "UIInterfaceOrientationPortrait UIInterfaceOrientationPortraitUpsideDown UIInterfaceOrientationLandscapeLeft UIInterfaceOrientationLandscapeRight";
				INFOPLIST_KEY_UISupportedInterfaceOrientations_iPhone = "UIInterfaceOrientationPortrait UIInterfaceOrientationLandscapeLeft UIInterfaceOrientationLandscapeRight";
				IPHONEOS_DEPLOYMENT_TARGET = 15.5;
				LD_RUNPATH_SEARCH_PATHS = (
					"$(inherited)",
					"@executable_path/Frameworks",
				);
				MARKETING_VERSION = 1.0;
				"OTHER_CODE_SIGN_FLAGS[sdk=*]" = "--generate-entitlement-der";
				PRODUCT_BUNDLE_IDENTIFIER = pearl.com.Pearl;
				PRODUCT_NAME = Pearl;
				SDKROOT = iphoneos;
				SWIFT_EMIT_LOC_STRINGS = YES;
				SWIFT_VERSION = 5.0;
				TARGETED_DEVICE_FAMILY = "1,2";
			};
			name = Debug;
		};
		5679CE06286664DD003F4D44 /* Release */ = {
			isa = XCBuildConfiguration;
			buildSettings = {
				ASSETCATALOG_COMPILER_APPICON_NAME = AppIcon;
				ASSETCATALOG_COMPILER_GLOBAL_ACCENT_COLOR_NAME = AccentColor;
				CODE_SIGN_ENTITLEMENTS = "Pearl (iOS).entitlements";
				CODE_SIGN_STYLE = Automatic;
				CURRENT_PROJECT_VERSION = 1;
				DEVELOPMENT_TEAM = 35499LKXAS;
				ENABLE_PREVIEWS = YES;
				GENERATE_INFOPLIST_FILE = YES;
				INFOPLIST_FILE = "Pearl--iOS--Info.plist";
				INFOPLIST_KEY_UIApplicationSceneManifest_Generation = YES;
				INFOPLIST_KEY_UIApplicationSupportsIndirectInputEvents = YES;
				INFOPLIST_KEY_UILaunchScreen_Generation = YES;
				INFOPLIST_KEY_UISupportedInterfaceOrientations_iPad = "UIInterfaceOrientationPortrait UIInterfaceOrientationPortraitUpsideDown UIInterfaceOrientationLandscapeLeft UIInterfaceOrientationLandscapeRight";
				INFOPLIST_KEY_UISupportedInterfaceOrientations_iPhone = "UIInterfaceOrientationPortrait UIInterfaceOrientationLandscapeLeft UIInterfaceOrientationLandscapeRight";
				IPHONEOS_DEPLOYMENT_TARGET = 15.5;
				LD_RUNPATH_SEARCH_PATHS = (
					"$(inherited)",
					"@executable_path/Frameworks",
				);
				MARKETING_VERSION = 1.0;
				"OTHER_CODE_SIGN_FLAGS[sdk=*]" = "--generate-entitlement-der";
				PRODUCT_BUNDLE_IDENTIFIER = pearl.com.Pearl;
				PRODUCT_NAME = Pearl;
				SDKROOT = iphoneos;
				SWIFT_EMIT_LOC_STRINGS = YES;
				SWIFT_VERSION = 5.0;
				TARGETED_DEVICE_FAMILY = "1,2";
				VALIDATE_PRODUCT = YES;
			};
			name = Release;
		};
		5679CE08286664DD003F4D44 /* Debug */ = {
			isa = XCBuildConfiguration;
			buildSettings = {
				ASSETCATALOG_COMPILER_APPICON_NAME = AppIcon;
				ASSETCATALOG_COMPILER_GLOBAL_ACCENT_COLOR_NAME = AccentColor;
				CODE_SIGN_ENTITLEMENTS = macOS/macOS.entitlements;
				CODE_SIGN_STYLE = Automatic;
				COMBINE_HIDPI_IMAGES = YES;
				CURRENT_PROJECT_VERSION = 1;
				DEVELOPMENT_TEAM = 35499LKXAS;
				ENABLE_HARDENED_RUNTIME = YES;
				ENABLE_PREVIEWS = YES;
				GENERATE_INFOPLIST_FILE = YES;
				INFOPLIST_KEY_NSHumanReadableCopyright = "";
				LD_RUNPATH_SEARCH_PATHS = (
					"$(inherited)",
					"@executable_path/../Frameworks",
				);
				MACOSX_DEPLOYMENT_TARGET = 12.3;
				MARKETING_VERSION = 1.0;
				PRODUCT_BUNDLE_IDENTIFIER = pearl.com.Pearl;
				PRODUCT_NAME = Pearl;
				SDKROOT = macosx;
				SWIFT_EMIT_LOC_STRINGS = YES;
				SWIFT_VERSION = 5.0;
			};
			name = Debug;
		};
		5679CE09286664DD003F4D44 /* Release */ = {
			isa = XCBuildConfiguration;
			buildSettings = {
				ASSETCATALOG_COMPILER_APPICON_NAME = AppIcon;
				ASSETCATALOG_COMPILER_GLOBAL_ACCENT_COLOR_NAME = AccentColor;
				CODE_SIGN_ENTITLEMENTS = macOS/macOS.entitlements;
				CODE_SIGN_STYLE = Automatic;
				COMBINE_HIDPI_IMAGES = YES;
				CURRENT_PROJECT_VERSION = 1;
				DEVELOPMENT_TEAM = 35499LKXAS;
				ENABLE_HARDENED_RUNTIME = YES;
				ENABLE_PREVIEWS = YES;
				GENERATE_INFOPLIST_FILE = YES;
				INFOPLIST_KEY_NSHumanReadableCopyright = "";
				LD_RUNPATH_SEARCH_PATHS = (
					"$(inherited)",
					"@executable_path/../Frameworks",
				);
				MACOSX_DEPLOYMENT_TARGET = 12.3;
				MARKETING_VERSION = 1.0;
				PRODUCT_BUNDLE_IDENTIFIER = pearl.com.Pearl;
				PRODUCT_NAME = Pearl;
				SDKROOT = macosx;
				SWIFT_EMIT_LOC_STRINGS = YES;
				SWIFT_VERSION = 5.0;
			};
			name = Release;
		};
/* End XCBuildConfiguration section */

/* Begin XCConfigurationList section */
		5679CDEA286664D9003F4D44 /* Build configuration list for PBXProject "Pearl" */ = {
			isa = XCConfigurationList;
			buildConfigurations = (
				5679CE02286664DD003F4D44 /* Debug */,
				5679CE03286664DD003F4D44 /* Release */,
			);
			defaultConfigurationIsVisible = 0;
			defaultConfigurationName = Release;
		};
		5679CE04286664DD003F4D44 /* Build configuration list for PBXNativeTarget "Pearl (iOS)" */ = {
			isa = XCConfigurationList;
			buildConfigurations = (
				5679CE05286664DD003F4D44 /* Debug */,
				5679CE06286664DD003F4D44 /* Release */,
			);
			defaultConfigurationIsVisible = 0;
			defaultConfigurationName = Release;
		};
		5679CE07286664DD003F4D44 /* Build configuration list for PBXNativeTarget "Pearl (macOS)" */ = {
			isa = XCConfigurationList;
			buildConfigurations = (
				5679CE08286664DD003F4D44 /* Debug */,
				5679CE09286664DD003F4D44 /* Release */,
			);
			defaultConfigurationIsVisible = 0;
			defaultConfigurationName = Release;
		};
/* End XCConfigurationList section */

/* Begin XCRemoteSwiftPackageReference section */
		5630B184286757E5004D29F4 /* XCRemoteSwiftPackageReference "firebase-ios-sdk" */ = {
			isa = XCRemoteSwiftPackageReference;
			repositoryURL = "https://github.com/firebase/firebase-ios-sdk";
			requirement = {
				kind = upToNextMajorVersion;
				minimumVersion = 9.0.0;
			};
		};
		5677F3DA2867D88E00A0466D /* XCRemoteSwiftPackageReference "WalletConnectSwift" */ = {
			isa = XCRemoteSwiftPackageReference;
			repositoryURL = "https://github.com/WalletConnect/WalletConnectSwift.git";
			requirement = {
				branch = master;
				kind = branch;
			};
		};
		5679CE0E28668FED003F4D44 /* XCRemoteSwiftPackageReference "SDWebImageSwiftUI" */ = {
			isa = XCRemoteSwiftPackageReference;
			repositoryURL = "https://github.com/SDWebImage/SDWebImageSwiftUI.git";
			requirement = {
				kind = upToNextMajorVersion;
				minimumVersion = 2.0.0;
			};
		};
/* End XCRemoteSwiftPackageReference section */

/* Begin XCSwiftPackageProductDependency section */
		5630B19D286757E5004D29F4 /* FirebaseFunctions */ = {
			isa = XCSwiftPackageProductDependency;
			package = 5630B184286757E5004D29F4 /* XCRemoteSwiftPackageReference "firebase-ios-sdk" */;
			productName = FirebaseFunctions;
		};
		5630B1A1286757E5004D29F4 /* FirebaseMessaging */ = {
			isa = XCSwiftPackageProductDependency;
			package = 5630B184286757E5004D29F4 /* XCRemoteSwiftPackageReference "firebase-ios-sdk" */;
			productName = FirebaseMessaging;
		};
		5677F3DB2867D88E00A0466D /* WalletConnectSwift */ = {
			isa = XCSwiftPackageProductDependency;
			package = 5677F3DA2867D88E00A0466D /* XCRemoteSwiftPackageReference "WalletConnectSwift" */;
			productName = WalletConnectSwift;
		};
		5679CE0F28668FED003F4D44 /* SDWebImageSwiftUI */ = {
			isa = XCSwiftPackageProductDependency;
			package = 5679CE0E28668FED003F4D44 /* XCRemoteSwiftPackageReference "SDWebImageSwiftUI" */;
			productName = SDWebImageSwiftUI;
		};
/* End XCSwiftPackageProductDependency section */
	};
	rootObject = 5679CDE7286664D9003F4D44 /* Project object */;
}
